
Microsoft Visual Studio Solution File, Format Version 12.00
# Visual Studio Version 16
VisualStudioVersion = 16.0.32413.511
MinimumVisualStudioVersion = 10.0.40219.1
Project("{FAE04EC0-301F-11D3-BF4B-00C04F79EFBC}") = "DLS-ALFEITE", "DLS-ALFEITE\DLS-ALFEITE.csproj", "{AA087BED-BA6D-49C2-8B08-01C77F2DE279}"
EndProject
Global
	GlobalSection(SolutionConfigurationPlatforms) = preSolution
		Debug|Any CPU = Debug|Any CPU
		Release|Any CPU = Release|Any CPU
	EndGlobalSection
	GlobalSection(ProjectConfigurationPlatforms) = postSolution
		{AA087BED-BA6D-49C2-8B08-01C77F2DE279}.Debug|Any CPU.ActiveCfg = Debug|Any CPU
		{AA087BED-BA6D-49C2-8B08-01C77F2DE279}.Debug|Any CPU.Build.0 = Debug|Any CPU
		{AA087BED-BA6D-49C2-8B08-01C77F2DE279}.Release|Any CPU.ActiveCfg = Release|Any CPU
		{AA087BED-BA6D-49C2-8B08-01C77F2DE279}.Release|Any CPU.Build.0 = Release|Any CPU
	EndGlobalSection
	GlobalSection(SolutionProperties) = preSolution
		HideSolutionNode = FALSE
	EndGlobalSection
	GlobalSection(ExtensibilityGlobals) = postSolution
		SolutionGuid = {F10A00E2-5659-4896-9DAF-16AA14EBE15B}
	EndGlobalSection
EndGlobal
